
Microsoft Visual Studio Solution File, Format Version 12.00
# Visual Studio 2015
Project("{FAE04EC0-301F-11D3-BF4B-00C04F79EFBC}") = "UnityVS.JumpSwitchPractice.CSharp.Plugins", "UnityVS.JumpSwitchPractice.CSharp.Plugins.csproj", "{F5D61F25-8F24-A681-A429-4BEEF2ECFB76}"
EndProject
Project("{FAE04EC0-301F-11D3-BF4B-00C04F79EFBC}") = "UnityVS.JumpSwitchPractice.CSharp", "UnityVS.JumpSwitchPractice.CSharp.csproj", "{E71D0574-8A72-3D62-1202-EA504619E0F4}"
EndProject
Project("{FAE04EC0-301F-11D3-BF4B-00C04F79EFBC}") = "UnityVS.JumpSwitchPractice.CSharp.Editor", "UnityVS.JumpSwitchPractice.CSharp.Editor.csproj", "{7CAD0394-3951-E411-80EE-63B23F5E0AF5}"
EndProject
Global
	GlobalSection(SolutionConfigurationPlatforms) = preSolution
		Debug|Any CPU = Debug|Any CPU
		Release|Any CPU = Release|Any CPU
	EndGlobalSection
	GlobalSection(ProjectConfigurationPlatforms) = postSolution
		{F5D61F25-8F24-A681-A429-4BEEF2ECFB76}.Debug|Any CPU.ActiveCfg = Debug|Any CPU
		{F5D61F25-8F24-A681-A429-4BEEF2ECFB76}.Debug|Any CPU.Build.0 = Debug|Any CPU
		{F5D61F25-8F24-A681-A429-4BEEF2ECFB76}.Release|Any CPU.ActiveCfg = Release|Any CPU
		{F5D61F25-8F24-A681-A429-4BEEF2ECFB76}.Release|Any CPU.Build.0 = Release|Any CPU
		{E71D0574-8A72-3D62-1202-EA504619E0F4}.Debug|Any CPU.ActiveCfg = Debug|Any CPU
		{E71D0574-8A72-3D62-1202-EA504619E0F4}.Debug|Any CPU.Build.0 = Debug|Any CPU
		{E71D0574-8A72-3D62-1202-EA504619E0F4}.Release|Any CPU.ActiveCfg = Release|Any CPU
		{E71D0574-8A72-3D62-1202-EA504619E0F4}.Release|Any CPU.Build.0 = Release|Any CPU
		{7CAD0394-3951-E411-80EE-63B23F5E0AF5}.Debug|Any CPU.ActiveCfg = Debug|Any CPU
		{7CAD0394-3951-E411-80EE-63B23F5E0AF5}.Debug|Any CPU.Build.0 = Debug|Any CPU
		{7CAD0394-3951-E411-80EE-63B23F5E0AF5}.Release|Any CPU.ActiveCfg = Release|Any CPU
		{7CAD0394-3951-E411-80EE-63B23F5E0AF5}.Release|Any CPU.Build.0 = Release|Any CPU
	EndGlobalSection
	GlobalSection(SolutionProperties) = preSolution
		HideSolutionNode = FALSE
	EndGlobalSection
EndGlobal
